
Microsoft Visual Studio Solution File, Format Version 12.00
# Visual Studio Version 17
VisualStudioVersion = 17.7.34302.85
MinimumVisualStudioVersion = 10.0.40219.1
Project("{FAE04EC0-301F-11D3-BF4B-00C04F79EFBC}") = "HW12", "HW12\HW12.csproj", "{28934930-A13D-468F-A9EE-FEB5235FD60A}"
EndProject
Global
	GlobalSection(SolutionConfigurationPlatforms) = preSolution
		Debug|Any CPU = Debug|Any CPU
		Release|Any CPU = Release|Any CPU
	EndGlobalSection
	GlobalSection(ProjectConfigurationPlatforms) = postSolution
		{28934930-A13D-468F-A9EE-FEB5235FD60A}.Debug|Any CPU.ActiveCfg = Debug|Any CPU
		{28934930-A13D-468F-A9EE-FEB5235FD60A}.Debug|Any CPU.Build.0 = Debug|Any CPU
		{28934930-A13D-468F-A9EE-FEB5235FD60A}.Release|Any CPU.ActiveCfg = Release|Any CPU
		{28934930-A13D-468F-A9EE-FEB5235FD60A}.Release|Any CPU.Build.0 = Release|Any CPU
	EndGlobalSection
	GlobalSection(SolutionProperties) = preSolution
		HideSolutionNode = FALSE
	EndGlobalSection
	GlobalSection(ExtensibilityGlobals) = postSolution
		SolutionGuid = {96EF4360-E43E-4309-A9A0-C4FB7A3D9059}
	EndGlobalSection
EndGlobal
